
Microsoft Visual Studio Solution File, Format Version 12.00
# Visual Studio 15
Project("{FAE04EC0-301F-11D3-BF4B-00C04F79EFBC}") = "UnityEngine.TestRunner", "UnityEngine.TestRunner.csproj", "{032F5D6F-00C8-2B3A-89A0-B66BAA8E15C8}"
EndProject
Project("{FAE04EC0-301F-11D3-BF4B-00C04F79EFBC}") = "Unity.Mathematics", "Unity.Mathematics.csproj", "{51D260A4-3999-7647-D690-97A4ED4CA506}"
EndProject
Project("{FAE04EC0-301F-11D3-BF4B-00C04F79EFBC}") = "Unity.2D.Animation.Triangle.Runtime", "Unity.2D.Animation.Triangle.Runtime.csproj", "{E4931232-A7B0-61E8-B3DD-16D1C4C3E7B2}"
EndProject
Project("{FAE04EC0-301F-11D3-BF4B-00C04F79EFBC}") = "Unity.Timeline", "Unity.Timeline.csproj", "{72DC540C-4F03-441F-8383-9A51316C280F}"
EndProject
Project("{FAE04EC0-301F-11D3-BF4B-00C04F79EFBC}") = "UnityEngine.UI", "UnityEngine.UI.csproj", "{D3AE3807-5ACD-2990-2B2B-5D772AE7E9F0}"
EndProject
Project("{FAE04EC0-301F-11D3-BF4B-00C04F79EFBC}") = "Unity.TextMeshPro", "Unity.TextMeshPro.csproj", "{21A11DE0-3909-C4A6-52B1-28DA053C3395}"
EndProject
Project("{FAE04EC0-301F-11D3-BF4B-00C04F79EFBC}") = "Unity.2D.Animation.Runtime", "Unity.2D.Animation.Runtime.csproj", "{FE817035-9914-D68E-0AD4-7AA0D64E5349}"
EndProject
Project("{FAE04EC0-301F-11D3-BF4B-00C04F79EFBC}") = "Unity.2D.IK.Runtime", "Unity.2D.IK.Runtime.csproj", "{C6D16F6C-212B-E8AD-B901-6CA95AAB31AD}"
EndProject
Project("{FAE04EC0-301F-11D3-BF4B-00C04F79EFBC}") = "Unity.2D.SpriteShape.Runtime", "Unity.2D.SpriteShape.Runtime.csproj", "{B5034892-3D83-E9A2-35B3-A018CC48921A}"
EndProject
Project("{FAE04EC0-301F-11D3-BF4B-00C04F79EFBC}") = "Unity.2D.PixelPerfect", "Unity.2D.PixelPerfect.csproj", "{00335726-3654-448A-B46D-FC09B2355248}"
EndProject
Project("{FAE04EC0-301F-11D3-BF4B-00C04F79EFBC}") = "Unity.2D.Common.Runtime", "Unity.2D.Common.Runtime.csproj", "{FE859A6D-7095-AA32-C32D-D7498F69F1D4}"
EndProject
Project("{FAE04EC0-301F-11D3-BF4B-00C04F79EFBC}") = "Unity.InternalAPIEngineBridge.001", "Unity.InternalAPIEngineBridge.001.csproj", "{2ED4316D-2DE1-7465-53CD-E8F683710F32}"
EndProject
Project("{FAE04EC0-301F-11D3-BF4B-00C04F79EFBC}") = "Assembly-CSharp", "Assembly-CSharp.csproj", "{CE775A7B-8D37-9F49-99E0-89C8B923E5C8}"
EndProject
Project("{FAE04EC0-301F-11D3-BF4B-00C04F79EFBC}") = "UnityEditor.TestRunner", "UnityEditor.TestRunner.csproj", "{B42D68DA-A6AD-403A-C012-C6B2CC4C0EEF}"
EndProject
Project("{FAE04EC0-301F-11D3-BF4B-00C04F79EFBC}") = "UnityEditor.UI", "UnityEditor.UI.csproj", "{9B1B5C9A-B07D-20AD-7B48-49F3BBD11971}"
EndProject
Project("{FAE04EC0-301F-11D3-BF4B-00C04F79EFBC}") = "Unity.Timeline.Editor", "Unity.Timeline.Editor.csproj", "{0EC2F0A7-EE2A-8DBE-CB18-A28D90C5B7AC}"
EndProject
Project("{FAE04EC0-301F-11D3-BF4B-00C04F79EFBC}") = "Unity.VisualStudio.Editor", "Unity.VisualStudio.Editor.csproj", "{445864E9-2FE9-B4AA-6A32-4B2DE7E129C8}"
EndProject
Project("{FAE04EC0-301F-11D3-BF4B-00C04F79EFBC}") = "Unity.2D.Psdimporter.Editor", "Unity.2D.Psdimporter.Editor.csproj", "{6CEB5E4F-8D23-0FF3-4FD2-BAB4AFCF0878}"
EndProject
Project("{FAE04EC0-301F-11D3-BF4B-00C04F79EFBC}") = "Unity.2D.Animation.Editor", "Unity.2D.Animation.Editor.csproj", "{69F52EBD-E270-9969-A349-0973F412A23E}"
EndProject
Project("{FAE04EC0-301F-11D3-BF4B-00C04F79EFBC}") = "Unity.TextMeshPro.Editor", "Unity.TextMeshPro.Editor.csproj", "{0CF44E94-6010-23F4-2A12-2E15CE9B88E4}"
EndProject
Project("{FAE04EC0-301F-11D3-BF4B-00C04F79EFBC}") = "Unity.2D.SpriteShape.Editor", "Unity.2D.SpriteShape.Editor.csproj", "{40212657-3A0E-A4B1-51D7-E01AB410AF17}"
EndProject
Project("{FAE04EC0-301F-11D3-BF4B-00C04F79EFBC}") = "Unity.CollabProxy.Editor", "Unity.CollabProxy.Editor.csproj", "{A85C305E-A1E1-7FCD-4FBC-8544A440CB04}"
EndProject
Project("{FAE04EC0-301F-11D3-BF4B-00C04F79EFBC}") = "PsdPlugin", "PsdPlugin.csproj", "{6A55B6EE-DB51-4777-2E5B-139B1FDB3E8B}"
EndProject
Project("{FAE04EC0-301F-11D3-BF4B-00C04F79EFBC}") = "Unity.2D.Path.Editor", "Unity.2D.Path.Editor.csproj", "{8F887E40-2808-8A6C-3239-C0BE2518FB92}"
EndProject
Project("{FAE04EC0-301F-11D3-BF4B-00C04F79EFBC}") = "Unity.Rider.Editor", "Unity.Rider.Editor.csproj", "{58838D7D-2456-D395-BD91-28F0CB173B57}"
EndProject
Project("{FAE04EC0-301F-11D3-BF4B-00C04F79EFBC}") = "Unity.2D.IK.Editor", "Unity.2D.IK.Editor.csproj", "{A65D3D65-C544-E3F2-3255-2EC3942411AE}"
EndProject
Project("{FAE04EC0-301F-11D3-BF4B-00C04F79EFBC}") = "Unity.2D.Sprite.Editor", "Unity.2D.Sprite.Editor.csproj", "{6FE327DD-51FF-D3D9-BCFC-444F7E2CBD39}"
EndProject
Project("{FAE04EC0-301F-11D3-BF4B-00C04F79EFBC}") = "Unity.2D.Tilemap.Editor", "Unity.2D.Tilemap.Editor.csproj", "{7F8C8DE9-EA63-3BAE-65C1-BD27C1297D50}"
EndProject
Project("{FAE04EC0-301F-11D3-BF4B-00C04F79EFBC}") = "Unity.2D.PixelPerfect.Editor", "Unity.2D.PixelPerfect.Editor.csproj", "{B4368072-0F3F-BC3A-777C-8BB5AB05FA4F}"
EndProject
Project("{FAE04EC0-301F-11D3-BF4B-00C04F79EFBC}") = "Unity.VSCode.Editor", "Unity.VSCode.Editor.csproj", "{21E558A1-E1E5-FEAA-173A-90A75C4A41CA}"
EndProject
Project("{FAE04EC0-301F-11D3-BF4B-00C04F79EFBC}") = "Unity.2D.Common.Editor", "Unity.2D.Common.Editor.csproj", "{4E679281-5221-2EF7-0C34-C20E4E7A1457}"
EndProject
Project("{FAE04EC0-301F-11D3-BF4B-00C04F79EFBC}") = "Unity.Mathematics.Editor", "Unity.Mathematics.Editor.csproj", "{3C892145-1E06-062D-87DB-18223468451B}"
EndProject
Project("{FAE04EC0-301F-11D3-BF4B-00C04F79EFBC}") = "Unity.InternalAPIEditorBridge.001", "Unity.InternalAPIEditorBridge.001.csproj", "{958D0EA4-6115-E1F4-3CAF-04B6CBB9390D}"
EndProject
Project("{FAE04EC0-301F-11D3-BF4B-00C04F79EFBC}") = "UnityEngine.TestRunner", "UnityEngine.TestRunner.Player.csproj", "{35BC2172-43F1-5F7C-FD4C-80D1290616D1}"
EndProject
Project("{FAE04EC0-301F-11D3-BF4B-00C04F79EFBC}") = "Unity.Mathematics", "Unity.Mathematics.Player.csproj", "{CE7029CB-A005-A3A7-AB14-000A6B924811}"
EndProject
Project("{FAE04EC0-301F-11D3-BF4B-00C04F79EFBC}") = "Unity.2D.Animation.Triangle.Runtime", "Unity.2D.Animation.Triangle.Runtime.Player.csproj", "{9D9442A5-CC98-ECFA-A8F1-397C401450B8}"
EndProject
Project("{FAE04EC0-301F-11D3-BF4B-00C04F79EFBC}") = "Unity.Timeline", "Unity.Timeline.Player.csproj", "{DA2929A1-265C-1B7D-E432-41FD731E8A8B}"
EndProject
Project("{FAE04EC0-301F-11D3-BF4B-00C04F79EFBC}") = "UnityEngine.UI", "UnityEngine.UI.Player.csproj", "{8E3BD830-0D8E-BDB4-9D74-42B9F81EC2DC}"
EndProject
Project("{FAE04EC0-301F-11D3-BF4B-00C04F79EFBC}") = "Unity.TextMeshPro", "Unity.TextMeshPro.Player.csproj", "{EA807291-2174-866B-6949-2F68BB8E454C}"
EndProject
Project("{FAE04EC0-301F-11D3-BF4B-00C04F79EFBC}") = "Unity.2D.Animation.Runtime", "Unity.2D.Animation.Runtime.Player.csproj", "{4699D364-E301-54FF-5621-50E502A7C001}"
EndProject
Project("{FAE04EC0-301F-11D3-BF4B-00C04F79EFBC}") = "Unity.2D.IK.Runtime", "Unity.2D.IK.Runtime.Player.csproj", "{94BCD2C0-87B6-8834-9269-801EC451C5B0}"
EndProject
Project("{FAE04EC0-301F-11D3-BF4B-00C04F79EFBC}") = "Unity.2D.SpriteShape.Runtime", "Unity.2D.SpriteShape.Runtime.Player.csproj", "{052ADFD6-4917-DF9B-187B-6480CEEF70BE}"
EndProject
Project("{FAE04EC0-301F-11D3-BF4B-00C04F79EFBC}") = "Unity.2D.PixelPerfect", "Unity.2D.PixelPerfect.Player.csproj", "{F9590020-ED39-9CDE-A5EB-F43AADCE297B}"
EndProject
Project("{FAE04EC0-301F-11D3-BF4B-00C04F79EFBC}") = "Unity.2D.Common.Runtime", "Unity.2D.Common.Runtime.Player.csproj", "{500B7919-D605-11E7-0692-AE5303EB6A8B}"
EndProject
Project("{FAE04EC0-301F-11D3-BF4B-00C04F79EFBC}") = "Unity.InternalAPIEngineBridge.001", "Unity.InternalAPIEngineBridge.001.Player.csproj", "{B03C11BC-8051-2A77-9A3D-424DCD751FC7}"
EndProject
Project("{FAE04EC0-301F-11D3-BF4B-00C04F79EFBC}") = "Assembly-CSharp", "Assembly-CSharp.Player.csproj", "{6E180C20-4D8A-188D-90E2-D0A20D7B5F19}"
EndProject
Global
	GlobalSection(SolutionConfigurationPlatforms) = preSolution
		Debug|Any CPU = Debug|Any CPU
		Release|Any CPU = Release|Any CPU
	EndGlobalSection
	GlobalSection(ProjectConfigurationPlatforms) = postSolution
		{032F5D6F-00C8-2B3A-89A0-B66BAA8E15C8}.Debug|Any CPU.ActiveCfg = Debug|Any CPU
		{032F5D6F-00C8-2B3A-89A0-B66BAA8E15C8}.Debug|Any CPU.Build.0 = Debug|Any CPU
		{032F5D6F-00C8-2B3A-89A0-B66BAA8E15C8}.Release|Any CPU.ActiveCfg = Release|Any CPU
		{032F5D6F-00C8-2B3A-89A0-B66BAA8E15C8}.Release|Any CPU.Build.0 = Release|Any CPU
		{51D260A4-3999-7647-D690-97A4ED4CA506}.Debug|Any CPU.ActiveCfg = Debug|Any CPU
		{51D260A4-3999-7647-D690-97A4ED4CA506}.Debug|Any CPU.Build.0 = Debug|Any CPU
		{51D260A4-3999-7647-D690-97A4ED4CA506}.Release|Any CPU.ActiveCfg = Release|Any CPU
		{51D260A4-3999-7647-D690-97A4ED4CA506}.Release|Any CPU.Build.0 = Release|Any CPU
		{E4931232-A7B0-61E8-B3DD-16D1C4C3E7B2}.Debug|Any CPU.ActiveCfg = Debug|Any CPU
		{E4931232-A7B0-61E8-B3DD-16D1C4C3E7B2}.Debug|Any CPU.Build.0 = Debug|Any CPU
		{E4931232-A7B0-61E8-B3DD-16D1C4C3E7B2}.Release|Any CPU.ActiveCfg = Release|Any CPU
		{E4931232-A7B0-61E8-B3DD-16D1C4C3E7B2}.Release|Any CPU.Build.0 = Release|Any CPU
		{72DC540C-4F03-441F-8383-9A51316C280F}.Debug|Any CPU.ActiveCfg = Debug|Any CPU
		{72DC540C-4F03-441F-8383-9A51316C280F}.Debug|Any CPU.Build.0 = Debug|Any CPU
		{72DC540C-4F03-441F-8383-9A51316C280F}.Release|Any CPU.ActiveCfg = Release|Any CPU
		{72DC540C-4F03-441F-8383-9A51316C280F}.Release|Any CPU.Build.0 = Release|Any CPU
		{D3AE3807-5ACD-2990-2B2B-5D772AE7E9F0}.Debug|Any CPU.ActiveCfg = Debug|Any CPU
		{D3AE3807-5ACD-2990-2B2B-5D772AE7E9F0}.Debug|Any CPU.Build.0 = Debug|Any CPU
		{D3AE3807-5ACD-2990-2B2B-5D772AE7E9F0}.Release|Any CPU.ActiveCfg = Release|Any CPU
		{D3AE3807-5ACD-2990-2B2B-5D772AE7E9F0}.Release|Any CPU.Build.0 = Release|Any CPU
		{21A11DE0-3909-C4A6-52B1-28DA053C3395}.Debug|Any CPU.ActiveCfg = Debug|Any CPU
		{21A11DE0-3909-C4A6-52B1-28DA053C3395}.Debug|Any CPU.Build.0 = Debug|Any CPU
		{21A11DE0-3909-C4A6-52B1-28DA053C3395}.Release|Any CPU.ActiveCfg = Release|Any CPU
		{21A11DE0-3909-C4A6-52B1-28DA053C3395}.Release|Any CPU.Build.0 = Release|Any CPU
		{FE817035-9914-D68E-0AD4-7AA0D64E5349}.Debug|Any CPU.ActiveCfg = Debug|Any CPU
		{FE817035-9914-D68E-0AD4-7AA0D64E5349}.Debug|Any CPU.Build.0 = Debug|Any CPU
		{FE817035-9914-D68E-0AD4-7AA0D64E5349}.Release|Any CPU.ActiveCfg = Release|Any CPU
		{FE817035-9914-D68E-0AD4-7AA0D64E5349}.Release|Any CPU.Build.0 = Release|Any CPU
		{C6D16F6C-212B-E8AD-B901-6CA95AAB31AD}.Debug|Any CPU.ActiveCfg = Debug|Any CPU
		{C6D16F6C-212B-E8AD-B901-6CA95AAB31AD}.Debug|Any CPU.Build.0 = Debug|Any CPU
		{C6D16F6C-212B-E8AD-B901-6CA95AAB31AD}.Release|Any CPU.ActiveCfg = Release|Any CPU
		{C6D16F6C-212B-E8AD-B901-6CA95AAB31AD}.Release|Any CPU.Build.0 = Release|Any CPU
		{B5034892-3D83-E9A2-35B3-A018CC48921A}.Debug|Any CPU.ActiveCfg = Debug|Any CPU
		{B5034892-3D83-E9A2-35B3-A018CC48921A}.Debug|Any CPU.Build.0 = Debug|Any CPU
		{B5034892-3D83-E9A2-35B3-A018CC48921A}.Release|Any CPU.ActiveCfg = Release|Any CPU
		{B5034892-3D83-E9A2-35B3-A018CC48921A}.Release|Any CPU.Build.0 = Release|Any CPU
		{00335726-3654-448A-B46D-FC09B2355248}.Debug|Any CPU.ActiveCfg = Debug|Any CPU
		{00335726-3654-448A-B46D-FC09B2355248}.Debug|Any CPU.Build.0 = Debug|Any CPU
		{00335726-3654-448A-B46D-FC09B2355248}.Release|Any CPU.ActiveCfg = Release|Any CPU
		{00335726-3654-448A-B46D-FC09B2355248}.Release|Any CPU.Build.0 = Release|Any CPU
		{FE859A6D-7095-AA32-C32D-D7498F69F1D4}.Debug|Any CPU.ActiveCfg = Debug|Any CPU
		{FE859A6D-7095-AA32-C32D-D7498F69F1D4}.Debug|Any CPU.Build.0 = Debug|Any CPU
		{FE859A6D-7095-AA32-C32D-D7498F69F1D4}.Release|Any CPU.ActiveCfg = Release|Any CPU
		{FE859A6D-7095-AA32-C32D-D7498F69F1D4}.Release|Any CPU.Build.0 = Release|Any CPU
		{2ED4316D-2DE1-7465-53CD-E8F683710F32}.Debug|Any CPU.ActiveCfg = Debug|Any CPU
		{2ED4316D-2DE1-7465-53CD-E8F683710F32}.Debug|Any CPU.Build.0 = Debug|Any CPU
		{2ED4316D-2DE1-7465-53CD-E8F683710F32}.Release|Any CPU.ActiveCfg = Release|Any CPU
		{2ED4316D-2DE1-7465-53CD-E8F683710F32}.Release|Any CPU.Build.0 = Release|Any CPU
		{CE775A7B-8D37-9F49-99E0-89C8B923E5C8}.Debug|Any CPU.ActiveCfg = Debug|Any CPU
		{CE775A7B-8D37-9F49-99E0-89C8B923E5C8}.Debug|Any CPU.Build.0 = Debug|Any CPU
		{CE775A7B-8D37-9F49-99E0-89C8B923E5C8}.Release|Any CPU.ActiveCfg = Release|Any CPU
		{CE775A7B-8D37-9F49-99E0-89C8B923E5C8}.Release|Any CPU.Build.0 = Release|Any CPU
		{B42D68DA-A6AD-403A-C012-C6B2CC4C0EEF}.Debug|Any CPU.ActiveCfg = Debug|Any CPU
		{B42D68DA-A6AD-403A-C012-C6B2CC4C0EEF}.Debug|Any CPU.Build.0 = Debug|Any CPU
		{B42D68DA-A6AD-403A-C012-C6B2CC4C0EEF}.Release|Any CPU.ActiveCfg = Release|Any CPU
		{B42D68DA-A6AD-403A-C012-C6B2CC4C0EEF}.Release|Any CPU.Build.0 = Release|Any CPU
		{9B1B5C9A-B07D-20AD-7B48-49F3BBD11971}.Debug|Any CPU.ActiveCfg = Debug|Any CPU
		{9B1B5C9A-B07D-20AD-7B48-49F3BBD11971}.Debug|Any CPU.Build.0 = Debug|Any CPU
		{9B1B5C9A-B07D-20AD-7B48-49F3BBD11971}.Release|Any CPU.ActiveCfg = Release|Any CPU
		{9B1B5C9A-B07D-20AD-7B48-49F3BBD11971}.Release|Any CPU.Build.0 = Release|Any CPU
		{0EC2F0A7-EE2A-8DBE-CB18-A28D90C5B7AC}.Debug|Any CPU.ActiveCfg = Debug|Any CPU
		{0EC2F0A7-EE2A-8DBE-CB18-A28D90C5B7AC}.Debug|Any CPU.Build.0 = Debug|Any CPU
		{0EC2F0A7-EE2A-8DBE-CB18-A28D90C5B7AC}.Release|Any CPU.ActiveCfg = Release|Any CPU
		{0EC2F0A7-EE2A-8DBE-CB18-A28D90C5B7AC}.Release|Any CPU.Build.0 = Release|Any CPU
		{445864E9-2FE9-B4AA-6A32-4B2DE7E129C8}.Debug|Any CPU.ActiveCfg = Debug|Any CPU
		{445864E9-2FE9-B4AA-6A32-4B2DE7E129C8}.Debug|Any CPU.Build.0 = Debug|Any CPU
		{445864E9-2FE9-B4AA-6A32-4B2DE7E129C8}.Release|Any CPU.ActiveCfg = Release|Any CPU
		{445864E9-2FE9-B4AA-6A32-4B2DE7E129C8}.Release|Any CPU.Build.0 = Release|Any CPU
		{6CEB5E4F-8D23-0FF3-4FD2-BAB4AFCF0878}.Debug|Any CPU.ActiveCfg = Debug|Any CPU
		{6CEB5E4F-8D23-0FF3-4FD2-BAB4AFCF0878}.Debug|Any CPU.Build.0 = Debug|Any CPU
		{6CEB5E4F-8D23-0FF3-4FD2-BAB4AFCF0878}.Release|Any CPU.ActiveCfg = Release|Any CPU
		{6CEB5E4F-8D23-0FF3-4FD2-BAB4AFCF0878}.Release|Any CPU.Build.0 = Release|Any CPU
		{69F52EBD-E270-9969-A349-0973F412A23E}.Debug|Any CPU.ActiveCfg = Debug|Any CPU
		{69F52EBD-E270-9969-A349-0973F412A23E}.Debug|Any CPU.Build.0 = Debug|Any CPU
		{69F52EBD-E270-9969-A349-0973F412A23E}.Release|Any CPU.ActiveCfg = Release|Any CPU
		{69F52EBD-E270-9969-A349-0973F412A23E}.Release|Any CPU.Build.0 = Release|Any CPU
		{0CF44E94-6010-23F4-2A12-2E15CE9B88E4}.Debug|Any CPU.ActiveCfg = Debug|Any CPU
		{0CF44E94-6010-23F4-2A12-2E15CE9B88E4}.Debug|Any CPU.Build.0 = Debug|Any CPU
		{0CF44E94-6010-23F4-2A12-2E15CE9B88E4}.Release|Any CPU.ActiveCfg = Release|Any CPU
		{0CF44E94-6010-23F4-2A12-2E15CE9B88E4}.Release|Any CPU.Build.0 = Release|Any CPU
		{40212657-3A0E-A4B1-51D7-E01AB410AF17}.Debug|Any CPU.ActiveCfg = Debug|Any CPU
		{40212657-3A0E-A4B1-51D7-E01AB410AF17}.Debug|Any CPU.Build.0 = Debug|Any CPU
		{40212657-3A0E-A4B1-51D7-E01AB410AF17}.Release|Any CPU.ActiveCfg = Release|Any CPU
		{40212657-3A0E-A4B1-51D7-E01AB410AF17}.Release|Any CPU.Build.0 = Release|Any CPU
		{A85C305E-A1E1-7FCD-4FBC-8544A440CB04}.Debug|Any CPU.ActiveCfg = Debug|Any CPU
		{A85C305E-A1E1-7FCD-4FBC-8544A440CB04}.Debug|Any CPU.Build.0 = Debug|Any CPU
		{A85C305E-A1E1-7FCD-4FBC-8544A440CB04}.Release|Any CPU.ActiveCfg = Release|Any CPU
		{A85C305E-A1E1-7FCD-4FBC-8544A440CB04}.Release|Any CPU.Build.0 = Release|Any CPU
		{6A55B6EE-DB51-4777-2E5B-139B1FDB3E8B}.Debug|Any CPU.ActiveCfg = Debug|Any CPU
		{6A55B6EE-DB51-4777-2E5B-139B1FDB3E8B}.Debug|Any CPU.Build.0 = Debug|Any CPU
		{6A55B6EE-DB51-4777-2E5B-139B1FDB3E8B}.Release|Any CPU.ActiveCfg = Release|Any CPU
		{6A55B6EE-DB51-4777-2E5B-139B1FDB3E8B}.Release|Any CPU.Build.0 = Release|Any CPU
		{8F887E40-2808-8A6C-3239-C0BE2518FB92}.Debug|Any CPU.ActiveCfg = Debug|Any CPU
		{8F887E40-2808-8A6C-3239-C0BE2518FB92}.Debug|Any CPU.Build.0 = Debug|Any CPU
		{8F887E40-2808-8A6C-3239-C0BE2518FB92}.Release|Any CPU.ActiveCfg = Release|Any CPU
		{8F887E40-2808-8A6C-3239-C0BE2518FB92}.Release|Any CPU.Build.0 = Release|Any CPU
		{58838D7D-2456-D395-BD91-28F0CB173B57}.Debug|Any CPU.ActiveCfg = Debug|Any CPU
		{58838D7D-2456-D395-BD91-28F0CB173B57}.Debug|Any CPU.Build.0 = Debug|Any CPU
		{58838D7D-2456-D395-BD91-28F0CB173B57}.Release|Any CPU.ActiveCfg = Release|Any CPU
		{58838D7D-2456-D395-BD91-28F0CB173B57}.Release|Any CPU.Build.0 = Release|Any CPU
		{A65D3D65-C544-E3F2-3255-2EC3942411AE}.Debug|Any CPU.ActiveCfg = Debug|Any CPU
		{A65D3D65-C544-E3F2-3255-2EC3942411AE}.Debug|Any CPU.Build.0 = Debug|Any CPU
		{A65D3D65-C544-E3F2-3255-2EC3942411AE}.Release|Any CPU.ActiveCfg = Release|Any CPU
		{A65D3D65-C544-E3F2-3255-2EC3942411AE}.Release|Any CPU.Build.0 = Release|Any CPU
		{6FE327DD-51FF-D3D9-BCFC-444F7E2CBD39}.Debug|Any CPU.ActiveCfg = Debug|Any CPU
		{6FE327DD-51FF-D3D9-BCFC-444F7E2CBD39}.Debug|Any CPU.Build.0 = Debug|Any CPU
		{6FE327DD-51FF-D3D9-BCFC-444F7E2CBD39}.Release|Any CPU.ActiveCfg = Release|Any CPU
		{6FE327DD-51FF-D3D9-BCFC-444F7E2CBD39}.Release|Any CPU.Build.0 = Release|Any CPU
		{7F8C8DE9-EA63-3BAE-65C1-BD27C1297D50}.Debug|Any CPU.ActiveCfg = Debug|Any CPU
		{7F8C8DE9-EA63-3BAE-65C1-BD27C1297D50}.Debug|Any CPU.Build.0 = Debug|Any CPU
		{7F8C8DE9-EA63-3BAE-65C1-BD27C1297D50}.Release|Any CPU.ActiveCfg = Release|Any CPU
		{7F8C8DE9-EA63-3BAE-65C1-BD27C1297D50}.Release|Any CPU.Build.0 = Release|Any CPU
		{B4368072-0F3F-BC3A-777C-8BB5AB05FA4F}.Debug|Any CPU.ActiveCfg = Debug|Any CPU
		{B4368072-0F3F-BC3A-777C-8BB5AB05FA4F}.Debug|Any CPU.Build.0 = Debug|Any CPU
		{B4368072-0F3F-BC3A-777C-8BB5AB05FA4F}.Release|Any CPU.ActiveCfg = Release|Any CPU
		{B4368072-0F3F-BC3A-777C-8BB5AB05FA4F}.Release|Any CPU.Build.0 = Release|Any CPU
		{21E558A1-E1E5-FEAA-173A-90A75C4A41CA}.Debug|Any CPU.ActiveCfg = Debug|Any CPU
		{21E558A1-E1E5-FEAA-173A-90A75C4A41CA}.Debug|Any CPU.Build.0 = Debug|Any CPU
		{21E558A1-E1E5-FEAA-173A-90A75C4A41CA}.Release|Any CPU.ActiveCfg = Release|Any CPU
		{21E558A1-E1E5-FEAA-173A-90A75C4A41CA}.Release|Any CPU.Build.0 = Release|Any CPU
		{4E679281-5221-2EF7-0C34-C20E4E7A1457}.Debug|Any CPU.ActiveCfg = Debug|Any CPU
		{4E679281-5221-2EF7-0C34-C20E4E7A1457}.Debug|Any CPU.Build.0 = Debug|Any CPU
		{4E679281-5221-2EF7-0C34-C20E4E7A1457}.Release|Any CPU.ActiveCfg = Release|Any CPU
		{4E679281-5221-2EF7-0C34-C20E4E7A1457}.Release|Any CPU.Build.0 = Release|Any CPU
		{3C892145-1E06-062D-87DB-18223468451B}.Debug|Any CPU.ActiveCfg = Debug|Any CPU
		{3C892145-1E06-062D-87DB-18223468451B}.Debug|Any CPU.Build.0 = Debug|Any CPU
		{3C892145-1E06-062D-87DB-18223468451B}.Release|Any CPU.ActiveCfg = Release|Any CPU
		{3C892145-1E06-062D-87DB-18223468451B}.Release|Any CPU.Build.0 = Release|Any CPU
		{958D0EA4-6115-E1F4-3CAF-04B6CBB9390D}.Debug|Any CPU.ActiveCfg = Debug|Any CPU
		{958D0EA4-6115-E1F4-3CAF-04B6CBB9390D}.Debug|Any CPU.Build.0 = Debug|Any CPU
		{958D0EA4-6115-E1F4-3CAF-04B6CBB9390D}.Release|Any CPU.ActiveCfg = Release|Any CPU
		{958D0EA4-6115-E1F4-3CAF-04B6CBB9390D}.Release|Any CPU.Build.0 = Release|Any CPU
		{35BC2172-43F1-5F7C-FD4C-80D1290616D1}.Debug|Any CPU.ActiveCfg = Debug|Any CPU
		{35BC2172-43F1-5F7C-FD4C-80D1290616D1}.Debug|Any CPU.Build.0 = Debug|Any CPU
		{35BC2172-43F1-5F7C-FD4C-80D1290616D1}.Release|Any CPU.ActiveCfg = Release|Any CPU
		{35BC2172-43F1-5F7C-FD4C-80D1290616D1}.Release|Any CPU.Build.0 = Release|Any CPU
		{CE7029CB-A005-A3A7-AB14-000A6B924811}.Debug|Any CPU.ActiveCfg = Debug|Any CPU
		{CE7029CB-A005-A3A7-AB14-000A6B924811}.Debug|Any CPU.Build.0 = Debug|Any CPU
		{CE7029CB-A005-A3A7-AB14-000A6B924811}.Release|Any CPU.ActiveCfg = Release|Any CPU
		{CE7029CB-A005-A3A7-AB14-000A6B924811}.Release|Any CPU.Build.0 = Release|Any CPU
		{9D9442A5-CC98-ECFA-A8F1-397C401450B8}.Debug|Any CPU.ActiveCfg = Debug|Any CPU
		{9D9442A5-CC98-ECFA-A8F1-397C401450B8}.Debug|Any CPU.Build.0 = Debug|Any CPU
		{9D9442A5-CC98-ECFA-A8F1-397C401450B8}.Release|Any CPU.ActiveCfg = Release|Any CPU
		{9D9442A5-CC98-ECFA-A8F1-397C401450B8}.Release|Any CPU.Build.0 = Release|Any CPU
		{DA2929A1-265C-1B7D-E432-41FD731E8A8B}.Debug|Any CPU.ActiveCfg = Debug|Any CPU
		{DA2929A1-265C-1B7D-E432-41FD731E8A8B}.Debug|Any CPU.Build.0 = Debug|Any CPU
		{DA2929A1-265C-1B7D-E432-41FD731E8A8B}.Release|Any CPU.ActiveCfg = Release|Any CPU
		{DA2929A1-265C-1B7D-E432-41FD731E8A8B}.Release|Any CPU.Build.0 = Release|Any CPU
		{8E3BD830-0D8E-BDB4-9D74-42B9F81EC2DC}.Debug|Any CPU.ActiveCfg = Debug|Any CPU
		{8E3BD830-0D8E-BDB4-9D74-42B9F81EC2DC}.Debug|Any CPU.Build.0 = Debug|Any CPU
		{8E3BD830-0D8E-BDB4-9D74-42B9F81EC2DC}.Release|Any CPU.ActiveCfg = Release|Any CPU
		{8E3BD830-0D8E-BDB4-9D74-42B9F81EC2DC}.Release|Any CPU.Build.0 = Release|Any CPU
		{EA807291-2174-866B-6949-2F68BB8E454C}.Debug|Any CPU.ActiveCfg = Debug|Any CPU
		{EA807291-2174-866B-6949-2F68BB8E454C}.Debug|Any CPU.Build.0 = Debug|Any CPU
		{EA807291-2174-866B-6949-2F68BB8E454C}.Release|Any CPU.ActiveCfg = Release|Any CPU
		{EA807291-2174-866B-6949-2F68BB8E454C}.Release|Any CPU.Build.0 = Release|Any CPU
		{4699D364-E301-54FF-5621-50E502A7C001}.Debug|Any CPU.ActiveCfg = Debug|Any CPU
		{4699D364-E301-54FF-5621-50E502A7C001}.Debug|Any CPU.Build.0 = Debug|Any CPU
		{4699D364-E301-54FF-5621-50E502A7C001}.Release|Any CPU.ActiveCfg = Release|Any CPU
		{4699D364-E301-54FF-5621-50E502A7C001}.Release|Any CPU.Build.0 = Release|Any CPU
		{94BCD2C0-87B6-8834-9269-801EC451C5B0}.Debug|Any CPU.ActiveCfg = Debug|Any CPU
		{94BCD2C0-87B6-8834-9269-801EC451C5B0}.Debug|Any CPU.Build.0 = Debug|Any CPU
		{94BCD2C0-87B6-8834-9269-801EC451C5B0}.Release|Any CPU.ActiveCfg = Release|Any CPU
		{94BCD2C0-87B6-8834-9269-801EC451C5B0}.Release|Any CPU.Build.0 = Release|Any CPU
		{052ADFD6-4917-DF9B-187B-6480CEEF70BE}.Debug|Any CPU.ActiveCfg = Debug|Any CPU
		{052ADFD6-4917-DF9B-187B-6480CEEF70BE}.Debug|Any CPU.Build.0 = Debug|Any CPU
		{052ADFD6-4917-DF9B-187B-6480CEEF70BE}.Release|Any CPU.ActiveCfg = Release|Any CPU
		{052ADFD6-4917-DF9B-187B-6480CEEF70BE}.Release|Any CPU.Build.0 = Release|Any CPU
		{F9590020-ED39-9CDE-A5EB-F43AADCE297B}.Debug|Any CPU.ActiveCfg = Debug|Any CPU
		{F9590020-ED39-9CDE-A5EB-F43AADCE297B}.Debug|Any CPU.Build.0 = Debug|Any CPU
		{F9590020-ED39-9CDE-A5EB-F43AADCE297B}.Release|Any CPU.ActiveCfg = Release|Any CPU
		{F9590020-ED39-9CDE-A5EB-F43AADCE297B}.Release|Any CPU.Build.0 = Release|Any CPU
		{500B7919-D605-11E7-0692-AE5303EB6A8B}.Debug|Any CPU.ActiveCfg = Debug|Any CPU
		{500B7919-D605-11E7-0692-AE5303EB6A8B}.Debug|Any CPU.Build.0 = Debug|Any CPU
		{500B7919-D605-11E7-0692-AE5303EB6A8B}.Release|Any CPU.ActiveCfg = Release|Any CPU
		{500B7919-D605-11E7-0692-AE5303EB6A8B}.Release|Any CPU.Build.0 = Release|Any CPU
		{B03C11BC-8051-2A77-9A3D-424DCD751FC7}.Debug|Any CPU.ActiveCfg = Debug|Any CPU
		{B03C11BC-8051-2A77-9A3D-424DCD751FC7}.Debug|Any CPU.Build.0 = Debug|Any CPU
		{B03C11BC-8051-2A77-9A3D-424DCD751FC7}.Release|Any CPU.ActiveCfg = Release|Any CPU
		{B03C11BC-8051-2A77-9A3D-424DCD751FC7}.Release|Any CPU.Build.0 = Release|Any CPU
		{6E180C20-4D8A-188D-90E2-D0A20D7B5F19}.Debug|Any CPU.ActiveCfg = Debug|Any CPU
		{6E180C20-4D8A-188D-90E2-D0A20D7B5F19}.Debug|Any CPU.Build.0 = Debug|Any CPU
		{6E180C20-4D8A-188D-90E2-D0A20D7B5F19}.Release|Any CPU.ActiveCfg = Release|Any CPU
		{6E180C20-4D8A-188D-90E2-D0A20D7B5F19}.Release|Any CPU.Build.0 = Release|Any CPU
	EndGlobalSection
	GlobalSection(SolutionProperties) = preSolution
		HideSolutionNode = FALSE
	EndGlobalSection
EndGlobal
